
Microsoft Visual Studio Solution File, Format Version 12.00
# Visual Studio 15
VisualStudioVersion = 15.0.28010.2041
MinimumVisualStudioVersion = 10.0.40219.1
Project("{FAE04EC0-301F-11D3-BF4B-00C04F79EFBC}") = "1_", "1_\1_.csproj", "{C62CF0B8-DA17-4670-B630-E4273DE5DE73}"
EndProject
Project("{FAE04EC0-301F-11D3-BF4B-00C04F79EFBC}") = "2_", "2_\2_.csproj", "{653B6C93-8E69-4F98-8377-8FAB9D784BF7}"
EndProject
Project("{FAE04EC0-301F-11D3-BF4B-00C04F79EFBC}") = "3_", "3_\3_.csproj", "{4CA867E9-652A-4286-8CFF-633B3A6BE13C}"
EndProject
Project("{FAE04EC0-301F-11D3-BF4B-00C04F79EFBC}") = "4-", "4-\4-.csproj", "{2816408D-559D-444D-A2C1-F693412F9F2C}"
EndProject
Project("{FAE04EC0-301F-11D3-BF4B-00C04F79EFBC}") = "5_", "5_\5_.csproj", "{69D1C37C-1612-4F65-924C-65A38FFFC131}"
EndProject
Project("{FAE04EC0-301F-11D3-BF4B-00C04F79EFBC}") = "6_", "6_\6_.csproj", "{6BB587E4-2573-42B3-BC87-83137314271D}"
EndProject
Project("{FAE04EC0-301F-11D3-BF4B-00C04F79EFBC}") = "7_", "7_\7_.csproj", "{6A4A41FB-5FDB-4057-8E4F-64B3AAD0290F}"
EndProject
Project("{FAE04EC0-301F-11D3-BF4B-00C04F79EFBC}") = "8_", "8_\8_.csproj", "{8775BB5F-709C-4895-B84B-38DC9F260C50}"
EndProject
Project("{FAE04EC0-301F-11D3-BF4B-00C04F79EFBC}") = "9_", "10_\9_.csproj", "{60317D7F-5554-4EA6-BAA7-E21C9E3D486B}"
EndProject
Project("{FAE04EC0-301F-11D3-BF4B-00C04F79EFBC}") = "10_", "11_\10_.csproj", "{B74A1657-78B6-455C-80D4-BBDE7067A1C8}"
EndProject
Project("{FAE04EC0-301F-11D3-BF4B-00C04F79EFBC}") = "12_", "12_\12_.csproj", "{309F8364-F70C-4372-B7C1-86B18C702CDA}"
EndProject
Project("{FAE04EC0-301F-11D3-BF4B-00C04F79EFBC}") = "13_", "13_\13_.csproj", "{442D59B5-6D1A-492A-9509-3C077E743B95}"
EndProject
Global
	GlobalSection(SolutionConfigurationPlatforms) = preSolution
		Debug|Any CPU = Debug|Any CPU
		Release|Any CPU = Release|Any CPU
	EndGlobalSection
	GlobalSection(ProjectConfigurationPlatforms) = postSolution
		{C62CF0B8-DA17-4670-B630-E4273DE5DE73}.Debug|Any CPU.ActiveCfg = Debug|Any CPU
		{C62CF0B8-DA17-4670-B630-E4273DE5DE73}.Debug|Any CPU.Build.0 = Debug|Any CPU
		{C62CF0B8-DA17-4670-B630-E4273DE5DE73}.Release|Any CPU.ActiveCfg = Release|Any CPU
		{C62CF0B8-DA17-4670-B630-E4273DE5DE73}.Release|Any CPU.Build.0 = Release|Any CPU
		{653B6C93-8E69-4F98-8377-8FAB9D784BF7}.Debug|Any CPU.ActiveCfg = Debug|Any CPU
		{653B6C93-8E69-4F98-8377-8FAB9D784BF7}.Debug|Any CPU.Build.0 = Debug|Any CPU
		{653B6C93-8E69-4F98-8377-8FAB9D784BF7}.Release|Any CPU.ActiveCfg = Release|Any CPU
		{653B6C93-8E69-4F98-8377-8FAB9D784BF7}.Release|Any CPU.Build.0 = Release|Any CPU
		{4CA867E9-652A-4286-8CFF-633B3A6BE13C}.Debug|Any CPU.ActiveCfg = Debug|Any CPU
		{4CA867E9-652A-4286-8CFF-633B3A6BE13C}.Debug|Any CPU.Build.0 = Debug|Any CPU
		{4CA867E9-652A-4286-8CFF-633B3A6BE13C}.Release|Any CPU.ActiveCfg = Release|Any CPU
		{4CA867E9-652A-4286-8CFF-633B3A6BE13C}.Release|Any CPU.Build.0 = Release|Any CPU
		{2816408D-559D-444D-A2C1-F693412F9F2C}.Debug|Any CPU.ActiveCfg = Debug|Any CPU
		{2816408D-559D-444D-A2C1-F693412F9F2C}.Debug|Any CPU.Build.0 = Debug|Any CPU
		{2816408D-559D-444D-A2C1-F693412F9F2C}.Release|Any CPU.ActiveCfg = Release|Any CPU
		{2816408D-559D-444D-A2C1-F693412F9F2C}.Release|Any CPU.Build.0 = Release|Any CPU
		{69D1C37C-1612-4F65-924C-65A38FFFC131}.Debug|Any CPU.ActiveCfg = Debug|Any CPU
		{69D1C37C-1612-4F65-924C-65A38FFFC131}.Debug|Any CPU.Build.0 = Debug|Any CPU
		{69D1C37C-1612-4F65-924C-65A38FFFC131}.Release|Any CPU.ActiveCfg = Release|Any CPU
		{69D1C37C-1612-4F65-924C-65A38FFFC131}.Release|Any CPU.Build.0 = Release|Any CPU
		{6BB587E4-2573-42B3-BC87-83137314271D}.Debug|Any CPU.ActiveCfg = Debug|Any CPU
		{6BB587E4-2573-42B3-BC87-83137314271D}.Debug|Any CPU.Build.0 = Debug|Any CPU
		{6BB587E4-2573-42B3-BC87-83137314271D}.Release|Any CPU.ActiveCfg = Release|Any CPU
		{6BB587E4-2573-42B3-BC87-83137314271D}.Release|Any CPU.Build.0 = Release|Any CPU
		{6A4A41FB-5FDB-4057-8E4F-64B3AAD0290F}.Debug|Any CPU.ActiveCfg = Debug|Any CPU
		{6A4A41FB-5FDB-4057-8E4F-64B3AAD0290F}.Debug|Any CPU.Build.0 = Debug|Any CPU
		{6A4A41FB-5FDB-4057-8E4F-64B3AAD0290F}.Release|Any CPU.ActiveCfg = Release|Any CPU
		{6A4A41FB-5FDB-4057-8E4F-64B3AAD0290F}.Release|Any CPU.Build.0 = Release|Any CPU
		{8775BB5F-709C-4895-B84B-38DC9F260C50}.Debug|Any CPU.ActiveCfg = Debug|Any CPU
		{8775BB5F-709C-4895-B84B-38DC9F260C50}.Debug|Any CPU.Build.0 = Debug|Any CPU
		{8775BB5F-709C-4895-B84B-38DC9F260C50}.Release|Any CPU.ActiveCfg = Release|Any CPU
		{8775BB5F-709C-4895-B84B-38DC9F260C50}.Release|Any CPU.Build.0 = Release|Any CPU
		{60317D7F-5554-4EA6-BAA7-E21C9E3D486B}.Debug|Any CPU.ActiveCfg = Debug|Any CPU
		{60317D7F-5554-4EA6-BAA7-E21C9E3D486B}.Debug|Any CPU.Build.0 = Debug|Any CPU
		{60317D7F-5554-4EA6-BAA7-E21C9E3D486B}.Release|Any CPU.ActiveCfg = Release|Any CPU
		{60317D7F-5554-4EA6-BAA7-E21C9E3D486B}.Release|Any CPU.Build.0 = Release|Any CPU
		{B74A1657-78B6-455C-80D4-BBDE7067A1C8}.Debug|Any CPU.ActiveCfg = Debug|Any CPU
		{B74A1657-78B6-455C-80D4-BBDE7067A1C8}.Debug|Any CPU.Build.0 = Debug|Any CPU
		{B74A1657-78B6-455C-80D4-BBDE7067A1C8}.Release|Any CPU.ActiveCfg = Release|Any CPU
		{B74A1657-78B6-455C-80D4-BBDE7067A1C8}.Release|Any CPU.Build.0 = Release|Any CPU
		{309F8364-F70C-4372-B7C1-86B18C702CDA}.Debug|Any CPU.ActiveCfg = Debug|Any CPU
		{309F8364-F70C-4372-B7C1-86B18C702CDA}.Debug|Any CPU.Build.0 = Debug|Any CPU
		{309F8364-F70C-4372-B7C1-86B18C702CDA}.Release|Any CPU.ActiveCfg = Release|Any CPU
		{309F8364-F70C-4372-B7C1-86B18C702CDA}.Release|Any CPU.Build.0 = Release|Any CPU
		{442D59B5-6D1A-492A-9509-3C077E743B95}.Debug|Any CPU.ActiveCfg = Debug|Any CPU
		{442D59B5-6D1A-492A-9509-3C077E743B95}.Debug|Any CPU.Build.0 = Debug|Any CPU
		{442D59B5-6D1A-492A-9509-3C077E743B95}.Release|Any CPU.ActiveCfg = Release|Any CPU
		{442D59B5-6D1A-492A-9509-3C077E743B95}.Release|Any CPU.Build.0 = Release|Any CPU
	EndGlobalSection
	GlobalSection(SolutionProperties) = preSolution
		HideSolutionNode = FALSE
	EndGlobalSection
	GlobalSection(ExtensibilityGlobals) = postSolution
		SolutionGuid = {CAF5E431-71C7-461F-8DF1-BB2910B523CA}
	EndGlobalSection
EndGlobal
